{
  "nodes": {
    "nixpkgs": {
      "locked": {
        "lastModified": 1663273749,
        "narHash": "sha256-CK90laMnexVOiLfM+RFNUORIIdjIhdruA2OEsgKOf1k=",
        "owner": "imsl",
        "repo": "nixpkgs",
        "rev": "5ca025658f946762a26116666d11665e6f62f1d6",
        "type": "github"
      },
      "original": {
        "owner": "imsl",
        "ref": "rebar3-fixes",
        "repo": "nixpkgs",
        "type": "github"
      }
    },
    "root": {
      "inputs": {
        "nixpkgs": "nixpkgs"
      }
    }
  },
  "root": "root",
  "version": 7
}
