{
  "nodes": {
    "nixpkgs": {
      "locked": {
        "lastModified": 1663014369,
        "narHash": "sha256-Nest75f7kVXPS9Hy+crY7q/HDyY4jgouDXqg6CTAXNs=",
        "owner": "NixOS",
        "repo": "nixpkgs",
        "rev": "b03b0add657891ed194348c8c8a1e81246aa2cdf",
        "type": "github"
      },
      "original": {
        "owner": "NixOS",
        "ref": "release-22.05",
        "repo": "nixpkgs",
        "type": "github"
      }
    },
    "root": {
      "inputs": {
        "nixpkgs": "nixpkgs"
      }
    }
  },
  "root": "root",
  "version": 7
}
